// !$*UTF8*$!
{
	archiveVersion = 1;
	classes = {
	};
	objectVersion = 46;
	objects = {

/* Begin PBXBuildFile section */
		E30590821E7D192D00304671 /* AppDelegate.swift in Sources */ = {isa = PBXBuildFile; fileRef = E30590811E7D192D00304671 /* AppDelegate.swift */; };
		E30590891E7D192D00304671 /* Assets.xcassets in Resources */ = {isa = PBXBuildFile; fileRef = E30590881E7D192D00304671 /* Assets.xcassets */; };
		E305908C1E7D192D00304671 /* LaunchScreen.storyboard in Resources */ = {isa = PBXBuildFile; fileRef = E305908A1E7D192D00304671 /* LaunchScreen.storyboard */; };
		E30590971E7D192D00304671 /* CoordinatorSampleTests.swift in Sources */ = {isa = PBXBuildFile; fileRef = E30590961E7D192D00304671 /* CoordinatorSampleTests.swift */; };
		E30590A21E7D192D00304671 /* CoordinatorSampleUITests.swift in Sources */ = {isa = PBXBuildFile; fileRef = E30590A11E7D192D00304671 /* CoordinatorSampleUITests.swift */; };
		E30590B41E7D871000304671 /* Coordinator.swift in Sources */ = {isa = PBXBuildFile; fileRef = E30590B31E7D871000304671 /* Coordinator.swift */; };
		E30590B61E7D873D00304671 /* NavigationCoordinator.swift in Sources */ = {isa = PBXBuildFile; fileRef = E30590B51E7D873D00304671 /* NavigationCoordinator.swift */; };
		E30590B81E7D875900304671 /* TabBarCoordinator.swift in Sources */ = {isa = PBXBuildFile; fileRef = E30590B71E7D875900304671 /* TabBarCoordinator.swift */; };
		E30590BB1E7D879200304671 /* AppCoordinator.swift in Sources */ = {isa = PBXBuildFile; fileRef = E30590BA1E7D879200304671 /* AppCoordinator.swift */; };
		E30590BD1E7D87B900304671 /* MainTabCoordinator.swift in Sources */ = {isa = PBXBuildFile; fileRef = E30590BC1E7D87B900304671 /* MainTabCoordinator.swift */; };
		E349936F1E7D8C6E0085688A /* UsersTableViewController.swift in Sources */ = {isa = PBXBuildFile; fileRef = E349936E1E7D8C6E0085688A /* UsersTableViewController.swift */; };
		E34993711E7D8C820085688A /* UsersTableViewController.storyboard in Resources */ = {isa = PBXBuildFile; fileRef = E34993701E7D8C820085688A /* UsersTableViewController.storyboard */; };
		E34993731E7D8D1D0085688A /* ItemsTableViewController.storyboard in Resources */ = {isa = PBXBuildFile; fileRef = E34993721E7D8D1D0085688A /* ItemsTableViewController.storyboard */; };
		E34993771E7D8D400085688A /* ItemsTableViewController.swift in Sources */ = {isa = PBXBuildFile; fileRef = E34993761E7D8D400085688A /* ItemsTableViewController.swift */; };
		E34993791E7D8DA30085688A /* ItemsCoordinator.swift in Sources */ = {isa = PBXBuildFile; fileRef = E34993781E7D8DA30085688A /* ItemsCoordinator.swift */; };
		E349937B1E7D8DD20085688A /* UsersCoordinator.swift in Sources */ = {isa = PBXBuildFile; fileRef = E349937A1E7D8DD20085688A /* UsersCoordinator.swift */; };
		E349937D1E7D8E790085688A /* StoryboardScene.swift in Sources */ = {isa = PBXBuildFile; fileRef = E349937C1E7D8E790085688A /* StoryboardScene.swift */; };
		E396D53A1E7E499C00CE8D50 /* ItemDetailViewController.storyboard in Resources */ = {isa = PBXBuildFile; fileRef = E396D5391E7E499C00CE8D50 /* ItemDetailViewController.storyboard */; };
		E396D53C1E7E4C9A00CE8D50 /* ItemDetailViewController.swift in Sources */ = {isa = PBXBuildFile; fileRef = E396D53B1E7E4C9A00CE8D50 /* ItemDetailViewController.swift */; };
		E396D53F1E7E520900CE8D50 /* UserDetailViewController.storyboard in Resources */ = {isa = PBXBuildFile; fileRef = E396D53E1E7E520900CE8D50 /* UserDetailViewController.storyboard */; };
		E396D5411E7E522000CE8D50 /* UserDetailViewController.swift in Sources */ = {isa = PBXBuildFile; fileRef = E396D5401E7E522000CE8D50 /* UserDetailViewController.swift */; };
		E396D5461E7E5D5200CE8D50 /* Item.swift in Sources */ = {isa = PBXBuildFile; fileRef = E396D5441E7E5D5200CE8D50 /* Item.swift */; };
		E396D5471E7E5D5200CE8D50 /* User.swift in Sources */ = {isa = PBXBuildFile; fileRef = E396D5451E7E5D5200CE8D50 /* User.swift */; };
		E396D5491E7E5D6300CE8D50 /* ItemsRepository.swift in Sources */ = {isa = PBXBuildFile; fileRef = E396D5481E7E5D6300CE8D50 /* ItemsRepository.swift */; };
		E396D54B1E7E5EAB00CE8D50 /* UsersRepository.swift in Sources */ = {isa = PBXBuildFile; fileRef = E396D54A1E7E5EAB00CE8D50 /* UsersRepository.swift */; };
/* End PBXBuildFile section */

/* Begin PBXContainerItemProxy section */
		E30590931E7D192D00304671 /* PBXContainerItemProxy */ = {
			isa = PBXContainerItemProxy;
			containerPortal = E30590761E7D192D00304671 /* Project object */;
			proxyType = 1;
			remoteGlobalIDString = E305907D1E7D192D00304671;
			remoteInfo = CoordinatorSample;
		};
		E305909E1E7D192D00304671 /* PBXContainerItemProxy */ = {
			isa = PBXContainerItemProxy;
			containerPortal = E30590761E7D192D00304671 /* Project object */;
			proxyType = 1;
			remoteGlobalIDString = E305907D1E7D192D00304671;
			remoteInfo = CoordinatorSample;
		};
/* End PBXContainerItemProxy section */

/* Begin PBXFileReference section */
		E305907E1E7D192D00304671 /* CoordinatorSample.app */ = {isa = PBXFileReference; explicitFileType = wrapper.application; includeInIndex = 0; path = CoordinatorSample.app; sourceTree = BUILT_PRODUCTS_DIR; };
		E30590811E7D192D00304671 /* AppDelegate.swift */ = {isa = PBXFileReference; lastKnownFileType = sourcecode.swift; path = AppDelegate.swift; sourceTree = "<group>"; };
		E30590881E7D192D00304671 /* Assets.xcassets */ = {isa = PBXFileReference; lastKnownFileType = folder.assetcatalog; path = Assets.xcassets; sourceTree = "<group>"; };
		E305908B1E7D192D00304671 /* Base */ = {isa = PBXFileReference; lastKnownFileType = file.storyboard; name = Base; path = Base.lproj/LaunchScreen.storyboard; sourceTree = "<group>"; };
		E305908D1E7D192D00304671 /* Info.plist */ = {isa = PBXFileReference; lastKnownFileType = text.plist.xml; path = Info.plist; sourceTree = "<group>"; };
		E30590921E7D192D00304671 /* CoordinatorSampleTests.xctest */ = {isa = PBXFileReference; explicitFileType = wrapper.cfbundle; includeInIndex = 0; path = CoordinatorSampleTests.xctest; sourceTree = BUILT_PRODUCTS_DIR; };
		E30590961E7D192D00304671 /* CoordinatorSampleTests.swift */ = {isa = PBXFileReference; lastKnownFileType = sourcecode.swift; path = CoordinatorSampleTests.swift; sourceTree = "<group>"; };
		E30590981E7D192D00304671 /* Info.plist */ = {isa = PBXFileReference; lastKnownFileType = text.plist.xml; path = Info.plist; sourceTree = "<group>"; };
		E305909D1E7D192D00304671 /* CoordinatorSampleUITests.xctest */ = {isa = PBXFileReference; explicitFileType = wrapper.cfbundle; includeInIndex = 0; path = CoordinatorSampleUITests.xctest; sourceTree = BUILT_PRODUCTS_DIR; };
		E30590A11E7D192D00304671 /* CoordinatorSampleUITests.swift */ = {isa = PBXFileReference; lastKnownFileType = sourcecode.swift; path = CoordinatorSampleUITests.swift; sourceTree = "<group>"; };
		E30590A31E7D192D00304671 /* Info.plist */ = {isa = PBXFileReference; lastKnownFileType = text.plist.xml; path = Info.plist; sourceTree = "<group>"; };
		E30590B31E7D871000304671 /* Coordinator.swift */ = {isa = PBXFileReference; fileEncoding = 4; lastKnownFileType = sourcecode.swift; path = Coordinator.swift; sourceTree = "<group>"; };
		E30590B51E7D873D00304671 /* NavigationCoordinator.swift */ = {isa = PBXFileReference; fileEncoding = 4; lastKnownFileType = sourcecode.swift; path = NavigationCoordinator.swift; sourceTree = "<group>"; };
		E30590B71E7D875900304671 /* TabBarCoordinator.swift */ = {isa = PBXFileReference; fileEncoding = 4; lastKnownFileType = sourcecode.swift; path = TabBarCoordinator.swift; sourceTree = "<group>"; };
		E30590BA1E7D879200304671 /* AppCoordinator.swift */ = {isa = PBXFileReference; fileEncoding = 4; lastKnownFileType = sourcecode.swift; path = AppCoordinator.swift; sourceTree = "<group>"; };
		E30590BC1E7D87B900304671 /* MainTabCoordinator.swift */ = {isa = PBXFileReference; fileEncoding = 4; lastKnownFileType = sourcecode.swift; path = MainTabCoordinator.swift; sourceTree = "<group>"; };
		E349936E1E7D8C6E0085688A /* UsersTableViewController.swift */ = {isa = PBXFileReference; fileEncoding = 4; lastKnownFileType = sourcecode.swift; path = UsersTableViewController.swift; sourceTree = "<group>"; };
		E34993701E7D8C820085688A /* UsersTableViewController.storyboard */ = {isa = PBXFileReference; fileEncoding = 4; lastKnownFileType = file.storyboard; path = UsersTableViewController.storyboard; sourceTree = "<group>"; };
		E34993721E7D8D1D0085688A /* ItemsTableViewController.storyboard */ = {isa = PBXFileReference; fileEncoding = 4; lastKnownFileType = file.storyboard; path = ItemsTableViewController.storyboard; sourceTree = "<group>"; };
		E34993761E7D8D400085688A /* ItemsTableViewController.swift */ = {isa = PBXFileReference; fileEncoding = 4; lastKnownFileType = sourcecode.swift; path = ItemsTableViewController.swift; sourceTree = "<group>"; };
		E34993781E7D8DA30085688A /* ItemsCoordinator.swift */ = {isa = PBXFileReference; fileEncoding = 4; lastKnownFileType = sourcecode.swift; path = ItemsCoordinator.swift; sourceTree = "<group>"; };
		E349937A1E7D8DD20085688A /* UsersCoordinator.swift */ = {isa = PBXFileReference; fileEncoding = 4; lastKnownFileType = sourcecode.swift; path = UsersCoordinator.swift; sourceTree = "<group>"; };
		E349937C1E7D8E790085688A /* StoryboardScene.swift */ = {isa = PBXFileReference; fileEncoding = 4; lastKnownFileType = sourcecode.swift; path = StoryboardScene.swift; sourceTree = "<group>"; };
		E396D5391E7E499C00CE8D50 /* ItemDetailViewController.storyboard */ = {isa = PBXFileReference; fileEncoding = 4; lastKnownFileType = file.storyboard; path = ItemDetailViewController.storyboard; sourceTree = "<group>"; };
		E396D53B1E7E4C9A00CE8D50 /* ItemDetailViewController.swift */ = {isa = PBXFileReference; fileEncoding = 4; lastKnownFileType = sourcecode.swift; path = ItemDetailViewController.swift; sourceTree = "<group>"; };
		E396D53E1E7E520900CE8D50 /* UserDetailViewController.storyboard */ = {isa = PBXFileReference; fileEncoding = 4; lastKnownFileType = file.storyboard; path = UserDetailViewController.storyboard; sourceTree = "<group>"; };
		E396D5401E7E522000CE8D50 /* UserDetailViewController.swift */ = {isa = PBXFileReference; fileEncoding = 4; lastKnownFileType = sourcecode.swift; path = UserDetailViewController.swift; sourceTree = "<group>"; };
		E396D5441E7E5D5200CE8D50 /* Item.swift */ = {isa = PBXFileReference; fileEncoding = 4; lastKnownFileType = sourcecode.swift; path = Item.swift; sourceTree = "<group>"; };
		E396D5451E7E5D5200CE8D50 /* User.swift */ = {isa = PBXFileReference; fileEncoding = 4; lastKnownFileType = sourcecode.swift; path = User.swift; sourceTree = "<group>"; };
		E396D5481E7E5D6300CE8D50 /* ItemsRepository.swift */ = {isa = PBXFileReference; fileEncoding = 4; lastKnownFileType = sourcecode.swift; path = ItemsRepository.swift; sourceTree = "<group>"; };
		E396D54A1E7E5EAB00CE8D50 /* UsersRepository.swift */ = {isa = PBXFileReference; fileEncoding = 4; lastKnownFileType = sourcecode.swift; path = UsersRepository.swift; sourceTree = "<group>"; };
/* End PBXFileReference section */

/* Begin PBXFrameworksBuildPhase section */
		E305907B1E7D192D00304671 /* Frameworks */ = {
			isa = PBXFrameworksBuildPhase;
			buildActionMask = 2147483647;
			files = (
			);
			runOnlyForDeploymentPostprocessing = 0;
		};
		E305908F1E7D192D00304671 /* Frameworks */ = {
			isa = PBXFrameworksBuildPhase;
			buildActionMask = 2147483647;
			files = (
			);
			runOnlyForDeploymentPostprocessing = 0;
		};
		E305909A1E7D192D00304671 /* Frameworks */ = {
			isa = PBXFrameworksBuildPhase;
			buildActionMask = 2147483647;
			files = (
			);
			runOnlyForDeploymentPostprocessing = 0;
		};
/* End PBXFrameworksBuildPhase section */

/* Begin PBXGroup section */
		E30590751E7D192D00304671 = {
			isa = PBXGroup;
			children = (
				E30590801E7D192D00304671 /* CoordinatorSample */,
				E30590951E7D192D00304671 /* CoordinatorSampleTests */,
				E30590A01E7D192D00304671 /* CoordinatorSampleUITests */,
				E305907F1E7D192D00304671 /* Products */,
			);
			sourceTree = "<group>";
		};
		E305907F1E7D192D00304671 /* Products */ = {
			isa = PBXGroup;
			children = (
				E305907E1E7D192D00304671 /* CoordinatorSample.app */,
				E30590921E7D192D00304671 /* CoordinatorSampleTests.xctest */,
				E305909D1E7D192D00304671 /* CoordinatorSampleUITests.xctest */,
			);
			name = Products;
			sourceTree = "<group>";
		};
		E30590801E7D192D00304671 /* CoordinatorSample */ = {
			isa = PBXGroup;
			children = (
				E30590811E7D192D00304671 /* AppDelegate.swift */,
				E30590B01E7D836000304671 /* Coordinators */,
				E34993671E7D8B620085688A /* UIs */,
				E30590C71E7D88F100304671 /* Models */,
				E30590881E7D192D00304671 /* Assets.xcassets */,
				E305908A1E7D192D00304671 /* LaunchScreen.storyboard */,
				E305908D1E7D192D00304671 /* Info.plist */,
				E349937C1E7D8E790085688A /* StoryboardScene.swift */,
			);
			path = CoordinatorSample;
			sourceTree = "<group>";
		};
		E30590951E7D192D00304671 /* CoordinatorSampleTests */ = {
			isa = PBXGroup;
			children = (
				E30590961E7D192D00304671 /* CoordinatorSampleTests.swift */,
				E30590981E7D192D00304671 /* Info.plist */,
			);
			path = CoordinatorSampleTests;
			sourceTree = "<group>";
		};
		E30590A01E7D192D00304671 /* CoordinatorSampleUITests */ = {
			isa = PBXGroup;
			children = (
				E30590A11E7D192D00304671 /* CoordinatorSampleUITests.swift */,
				E30590A31E7D192D00304671 /* Info.plist */,
			);
			path = CoordinatorSampleUITests;
			sourceTree = "<group>";
		};
		E30590B01E7D836000304671 /* Coordinators */ = {
			isa = PBXGroup;
			children = (
				E30590B21E7D86FA00304671 /* Protocols */,
				E30590BA1E7D879200304671 /* AppCoordinator.swift */,
				E30590BC1E7D87B900304671 /* MainTabCoordinator.swift */,
				E34993781E7D8DA30085688A /* ItemsCoordinator.swift */,
				E349937A1E7D8DD20085688A /* UsersCoordinator.swift */,
			);
			path = Coordinators;
			sourceTree = "<group>";
		};
		E30590B21E7D86FA00304671 /* Protocols */ = {
			isa = PBXGroup;
			children = (
				E30590B31E7D871000304671 /* Coordinator.swift */,
				E30590B51E7D873D00304671 /* NavigationCoordinator.swift */,
				E30590B71E7D875900304671 /* TabBarCoordinator.swift */,
			);
			path = Protocols;
			sourceTree = "<group>";
		};
		E30590C71E7D88F100304671 /* Models */ = {
			isa = PBXGroup;
			children = (
				E396D5421E7E5CEE00CE8D50 /* Repositories */,
				E396D5431E7E5CF500CE8D50 /* Entities */,
			);
			path = Models;
			sourceTree = "<group>";
		};
		E34993671E7D8B620085688A /* UIs */ = {
			isa = PBXGroup;
			children = (
				E349936B1E7D8C380085688A /* Items */,
				E396D5381E7E491500CE8D50 /* ItemDetail */,
				E349936A1E7D8BE70085688A /* Users */,
				E396D53D1E7E51D900CE8D50 /* UserDetail */,
			);
			path = UIs;
			sourceTree = "<group>";
		};
		E349936A1E7D8BE70085688A /* Users */ = {
			isa = PBXGroup;
			children = (
				E34993701E7D8C820085688A /* UsersTableViewController.storyboard */,
				E349936E1E7D8C6E0085688A /* UsersTableViewController.swift */,
			);
			path = Users;
			sourceTree = "<group>";
		};
		E349936B1E7D8C380085688A /* Items */ = {
			isa = PBXGroup;
			children = (
				E34993721E7D8D1D0085688A /* ItemsTableViewController.storyboard */,
				E34993761E7D8D400085688A /* ItemsTableViewController.swift */,
			);
			path = Items;
			sourceTree = "<group>";
		};
		E396D5381E7E491500CE8D50 /* ItemDetail */ = {
			isa = PBXGroup;
			children = (
				E396D5391E7E499C00CE8D50 /* ItemDetailViewController.storyboard */,
				E396D53B1E7E4C9A00CE8D50 /* ItemDetailViewController.swift */,
			);
			path = ItemDetail;
			sourceTree = "<group>";
		};
		E396D53D1E7E51D900CE8D50 /* UserDetail */ = {
			isa = PBXGroup;
			children = (
				E396D53E1E7E520900CE8D50 /* UserDetailViewController.storyboard */,
				E396D5401E7E522000CE8D50 /* UserDetailViewController.swift */,
			);
			path = UserDetail;
			sourceTree = "<group>";
		};
		E396D5421E7E5CEE00CE8D50 /* Repositories */ = {
			isa = PBXGroup;
			children = (
				E396D5481E7E5D6300CE8D50 /* ItemsRepository.swift */,
				E396D54A1E7E5EAB00CE8D50 /* UsersRepository.swift */,
			);
			path = Repositories;
			sourceTree = "<group>";
		};
		E396D5431E7E5CF500CE8D50 /* Entities */ = {
			isa = PBXGroup;
			children = (
				E396D5441E7E5D5200CE8D50 /* Item.swift */,
				E396D5451E7E5D5200CE8D50 /* User.swift */,
			);
			path = Entities;
			sourceTree = "<group>";
		};
/* End PBXGroup section */

/* Begin PBXNativeTarget section */
		E305907D1E7D192D00304671 /* CoordinatorSample */ = {
			isa = PBXNativeTarget;
			buildConfigurationList = E30590A61E7D192D00304671 /* Build configuration list for PBXNativeTarget "CoordinatorSample" */;
			buildPhases = (
				E305907A1E7D192D00304671 /* Sources */,
				E305907B1E7D192D00304671 /* Frameworks */,
				E305907C1E7D192D00304671 /* Resources */,
				E30590AF1E7D787100304671 /* Swiftlint */,
			);
			buildRules = (
			);
			dependencies = (
			);
			name = CoordinatorSample;
			productName = CoordinatorSample;
			productReference = E305907E1E7D192D00304671 /* CoordinatorSample.app */;
			productType = "com.apple.product-type.application";
		};
		E30590911E7D192D00304671 /* CoordinatorSampleTests */ = {
			isa = PBXNativeTarget;
			buildConfigurationList = E30590A91E7D192D00304671 /* Build configuration list for PBXNativeTarget "CoordinatorSampleTests" */;
			buildPhases = (
				E305908E1E7D192D00304671 /* Sources */,
				E305908F1E7D192D00304671 /* Frameworks */,
				E30590901E7D192D00304671 /* Resources */,
			);
			buildRules = (
			);
			dependencies = (
				E30590941E7D192D00304671 /* PBXTargetDependency */,
			);
			name = CoordinatorSampleTests;
			productName = CoordinatorSampleTests;
			productReference = E30590921E7D192D00304671 /* CoordinatorSampleTests.xctest */;
			productType = "com.apple.product-type.bundle.unit-test";
		};
		E305909C1E7D192D00304671 /* CoordinatorSampleUITests */ = {
			isa = PBXNativeTarget;
			buildConfigurationList = E30590AC1E7D192D00304671 /* Build configuration list for PBXNativeTarget "CoordinatorSampleUITests" */;
			buildPhases = (
				E30590991E7D192D00304671 /* Sources */,
				E305909A1E7D192D00304671 /* Frameworks */,
				E305909B1E7D192D00304671 /* Resources */,
			);
			buildRules = (
			);
			dependencies = (
				E305909F1E7D192D00304671 /* PBXTargetDependency */,
			);
			name = CoordinatorSampleUITests;
			productName = CoordinatorSampleUITests;
			productReference = E305909D1E7D192D00304671 /* CoordinatorSampleUITests.xctest */;
			productType = "com.apple.product-type.bundle.ui-testing";
		};
/* End PBXNativeTarget section */

/* Begin PBXProject section */
		E30590761E7D192D00304671 /* Project object */ = {
			isa = PBXProject;
			attributes = {
				LastSwiftUpdateCheck = 0820;
				LastUpgradeCheck = 0820;
				ORGANIZATIONNAME = "Yoshikuni Kato";
				TargetAttributes = {
					E305907D1E7D192D00304671 = {
						CreatedOnToolsVersion = 8.2.1;
						ProvisioningStyle = Automatic;
					};
					E30590911E7D192D00304671 = {
						CreatedOnToolsVersion = 8.2.1;
						ProvisioningStyle = Automatic;
						TestTargetID = E305907D1E7D192D00304671;
					};
					E305909C1E7D192D00304671 = {
						CreatedOnToolsVersion = 8.2.1;
						ProvisioningStyle = Automatic;
						TestTargetID = E305907D1E7D192D00304671;
					};
				};
			};
			buildConfigurationList = E30590791E7D192D00304671 /* Build configuration list for PBXProject "CoordinatorSample" */;
			compatibilityVersion = "Xcode 3.2";
			developmentRegion = English;
			hasScannedForEncodings = 0;
			knownRegions = (
				en,
				Base,
			);
			mainGroup = E30590751E7D192D00304671;
			productRefGroup = E305907F1E7D192D00304671 /* Products */;
			projectDirPath = "";
			projectRoot = "";
			targets = (
				E305907D1E7D192D00304671 /* CoordinatorSample */,
				E30590911E7D192D00304671 /* CoordinatorSampleTests */,
				E305909C1E7D192D00304671 /* CoordinatorSampleUITests */,
			);
		};
/* End PBXProject section */

/* Begin PBXResourcesBuildPhase section */
		E305907C1E7D192D00304671 /* Resources */ = {
			isa = PBXResourcesBuildPhase;
			buildActionMask = 2147483647;
			files = (
				E396D53A1E7E499C00CE8D50 /* ItemDetailViewController.storyboard in Resources */,
				E305908C1E7D192D00304671 /* LaunchScreen.storyboard in Resources */,
				E30590891E7D192D00304671 /* Assets.xcassets in Resources */,
				E34993711E7D8C820085688A /* UsersTableViewController.storyboard in Resources */,
				E34993731E7D8D1D0085688A /* ItemsTableViewController.storyboard in Resources */,
				E396D53F1E7E520900CE8D50 /* UserDetailViewController.storyboard in Resources */,
			);
			runOnlyForDeploymentPostprocessing = 0;
		};
		E30590901E7D192D00304671 /* Resources */ = {
			isa = PBXResourcesBuildPhase;
			buildActionMask = 2147483647;
			files = (
			);
			runOnlyForDeploymentPostprocessing = 0;
		};
		E305909B1E7D192D00304671 /* Resources */ = {
			isa = PBXResourcesBuildPhase;
			buildActionMask = 2147483647;
			files = (
			);
			runOnlyForDeploymentPostprocessing = 0;
		};
/* End PBXResourcesBuildPhase section */

/* Begin PBXShellScriptBuildPhase section */
		E30590AF1E7D787100304671 /* Swiftlint */ = {
			isa = PBXShellScriptBuildPhase;
			buildActionMask = 2147483647;
			files = (
			);
			inputPaths = (
			);
			name = Swiftlint;
			outputPaths = (
			);
			runOnlyForDeploymentPostprocessing = 0;
			shellPath = /bin/sh;
			shellScript = "if which swiftlint >/dev/null; then\nswiftlint\nelse\necho \"warning: SwiftLint not installed, download from https://github.com/realm/SwiftLint\"\nfi";
		};
/* End PBXShellScriptBuildPhase section */

/* Begin PBXSourcesBuildPhase section */
		E305907A1E7D192D00304671 /* Sources */ = {
			isa = PBXSourcesBuildPhase;
			buildActionMask = 2147483647;
			files = (
				E30590821E7D192D00304671 /* AppDelegate.swift in Sources */,
				E349936F1E7D8C6E0085688A /* UsersTableViewController.swift in Sources */,
				E396D5491E7E5D6300CE8D50 /* ItemsRepository.swift in Sources */,
				E349937D1E7D8E790085688A /* StoryboardScene.swift in Sources */,
				E30590BD1E7D87B900304671 /* MainTabCoordinator.swift in Sources */,
				E396D54B1E7E5EAB00CE8D50 /* UsersRepository.swift in Sources */,
				E396D5461E7E5D5200CE8D50 /* Item.swift in Sources */,
				E396D53C1E7E4C9A00CE8D50 /* ItemDetailViewController.swift in Sources */,
				E30590B61E7D873D00304671 /* NavigationCoordinator.swift in Sources */,
				E349937B1E7D8DD20085688A /* UsersCoordinator.swift in Sources */,
				E396D5471E7E5D5200CE8D50 /* User.swift in Sources */,
				E30590BB1E7D879200304671 /* AppCoordinator.swift in Sources */,
				E34993771E7D8D400085688A /* ItemsTableViewController.swift in Sources */,
				E396D5411E7E522000CE8D50 /* UserDetailViewController.swift in Sources */,
				E34993791E7D8DA30085688A /* ItemsCoordinator.swift in Sources */,
				E30590B81E7D875900304671 /* TabBarCoordinator.swift in Sources */,
				E30590B41E7D871000304671 /* Coordinator.swift in Sources */,
			);
			runOnlyForDeploymentPostprocessing = 0;
		};
		E305908E1E7D192D00304671 /* Sources */ = {
			isa = PBXSourcesBuildPhase;
			buildActionMask = 2147483647;
			files = (
				E30590971E7D192D00304671 /* CoordinatorSampleTests.swift in Sources */,
			);
			runOnlyForDeploymentPostprocessing = 0;
		};
		E30590991E7D192D00304671 /* Sources */ = {
			isa = PBXSourcesBuildPhase;
			buildActionMask = 2147483647;
			files = (
				E30590A21E7D192D00304671 /* CoordinatorSampleUITests.swift in Sources */,
			);
			runOnlyForDeploymentPostprocessing = 0;
		};
/* End PBXSourcesBuildPhase section */

/* Begin PBXTargetDependency section */
		E30590941E7D192D00304671 /* PBXTargetDependency */ = {
			isa = PBXTargetDependency;
			target = E305907D1E7D192D00304671 /* CoordinatorSample */;
			targetProxy = E30590931E7D192D00304671 /* PBXContainerItemProxy */;
		};
		E305909F1E7D192D00304671 /* PBXTargetDependency */ = {
			isa = PBXTargetDependency;
			target = E305907D1E7D192D00304671 /* CoordinatorSample */;
			targetProxy = E305909E1E7D192D00304671 /* PBXContainerItemProxy */;
		};
/* End PBXTargetDependency section */

/* Begin PBXVariantGroup section */
		E305908A1E7D192D00304671 /* LaunchScreen.storyboard */ = {
			isa = PBXVariantGroup;
			children = (
				E305908B1E7D192D00304671 /* Base */,
			);
			name = LaunchScreen.storyboard;
			sourceTree = "<group>";
		};
/* End PBXVariantGroup section */

/* Begin XCBuildConfiguration section */
		E30590A41E7D192D00304671 /* Debug */ = {
			isa = XCBuildConfiguration;
			buildSettings = {
				ALWAYS_SEARCH_USER_PATHS = NO;
				CLANG_ANALYZER_NONNULL = YES;
				CLANG_CXX_LANGUAGE_STANDARD = "gnu++0x";
				CLANG_CXX_LIBRARY = "libc++";
				CLANG_ENABLE_MODULES = YES;
				CLANG_ENABLE_OBJC_ARC = YES;
				CLANG_WARN_BOOL_CONVERSION = YES;
				CLANG_WARN_CONSTANT_CONVERSION = YES;
				CLANG_WARN_DIRECT_OBJC_ISA_USAGE = YES_ERROR;
				CLANG_WARN_DOCUMENTATION_COMMENTS = YES;
				CLANG_WARN_EMPTY_BODY = YES;
				CLANG_WARN_ENUM_CONVERSION = YES;
				CLANG_WARN_INFINITE_RECURSION = YES;
				CLANG_WARN_INT_CONVERSION = YES;
				CLANG_WARN_OBJC_ROOT_CLASS = YES_ERROR;
				CLANG_WARN_SUSPICIOUS_MOVE = YES;
				CLANG_WARN_UNREACHABLE_CODE = YES;
				CLANG_WARN__DUPLICATE_METHOD_MATCH = YES;
				"CODE_SIGN_IDENTITY[sdk=iphoneos*]" = "iPhone Developer";
				COPY_PHASE_STRIP = NO;
				DEBUG_INFORMATION_FORMAT = dwarf;
				ENABLE_STRICT_OBJC_MSGSEND = YES;
				ENABLE_TESTABILITY = YES;
				GCC_C_LANGUAGE_STANDARD = gnu99;
				GCC_DYNAMIC_NO_PIC = NO;
				GCC_NO_COMMON_BLOCKS = YES;
				GCC_OPTIMIZATION_LEVEL = 0;
				GCC_PREPROCESSOR_DEFINITIONS = (
					"DEBUG=1",
					"$(inherited)",
				);
				GCC_WARN_64_TO_32_BIT_CONVERSION = YES;
				GCC_WARN_ABOUT_RETURN_TYPE = YES_ERROR;
				GCC_WARN_UNDECLARED_SELECTOR = YES;
				GCC_WARN_UNINITIALIZED_AUTOS = YES_AGGRESSIVE;
				GCC_WARN_UNUSED_FUNCTION = YES;
				GCC_WARN_UNUSED_VARIABLE = YES;
				IPHONEOS_DEPLOYMENT_TARGET = 10.2;
				MTL_ENABLE_DEBUG_INFO = YES;
				ONLY_ACTIVE_ARCH = YES;
				SDKROOT = iphoneos;
				SWIFT_ACTIVE_COMPILATION_CONDITIONS = DEBUG;
				SWIFT_OPTIMIZATION_LEVEL = "-Onone";
			};
			name = Debug;
		};
		E30590A51E7D192D00304671 /* Release */ = {
			isa = XCBuildConfiguration;
			buildSettings = {
				ALWAYS_SEARCH_USER_PATHS = NO;
				CLANG_ANALYZER_NONNULL = YES;
				CLANG_CXX_LANGUAGE_STANDARD = "gnu++0x";
				CLANG_CXX_LIBRARY = "libc++";
				CLANG_ENABLE_MODULES = YES;
				CLANG_ENABLE_OBJC_ARC = YES;
				CLANG_WARN_BOOL_CONVERSION = YES;
				CLANG_WARN_CONSTANT_CONVERSION = YES;
				CLANG_WARN_DIRECT_OBJC_ISA_USAGE = YES_ERROR;
				CLANG_WARN_DOCUMENTATION_COMMENTS = YES;
				CLANG_WARN_EMPTY_BODY = YES;
				CLANG_WARN_ENUM_CONVERSION = YES;
				CLANG_WARN_INFINITE_RECURSION = YES;
				CLANG_WARN_INT_CONVERSION = YES;
				CLANG_WARN_OBJC_ROOT_CLASS = YES_ERROR;
				CLANG_WARN_SUSPICIOUS_MOVE = YES;
				CLANG_WARN_UNREACHABLE_CODE = YES;
				CLANG_WARN__DUPLICATE_METHOD_MATCH = YES;
				"CODE_SIGN_IDENTITY[sdk=iphoneos*]" = "iPhone Developer";
				COPY_PHASE_STRIP = NO;
				DEBUG_INFORMATION_FORMAT = "dwarf-with-dsym";
				ENABLE_NS_ASSERTIONS = NO;
				ENABLE_STRICT_OBJC_MSGSEND = YES;
				GCC_C_LANGUAGE_STANDARD = gnu99;
				GCC_NO_COMMON_BLOCKS = YES;
				GCC_WARN_64_TO_32_BIT_CONVERSION = YES;
				GCC_WARN_ABOUT_RETURN_TYPE = YES_ERROR;
				GCC_WARN_UNDECLARED_SELECTOR = YES;
				GCC_WARN_UNINITIALIZED_AUTOS = YES_AGGRESSIVE;
				GCC_WARN_UNUSED_FUNCTION = YES;
				GCC_WARN_UNUSED_VARIABLE = YES;
				IPHONEOS_DEPLOYMENT_TARGET = 10.2;
				MTL_ENABLE_DEBUG_INFO = NO;
				SDKROOT = iphoneos;
				SWIFT_OPTIMIZATION_LEVEL = "-Owholemodule";
				VALIDATE_PRODUCT = YES;
			};
			name = Release;
		};
		E30590A71E7D192D00304671 /* Debug */ = {
			isa = XCBuildConfiguration;
			buildSettings = {
				ASSETCATALOG_COMPILER_APPICON_NAME = AppIcon;
				INFOPLIST_FILE = CoordinatorSample/Info.plist;
				LD_RUNPATH_SEARCH_PATHS = "$(inherited) @executable_path/Frameworks";
				PRODUCT_BUNDLE_IDENTIFIER = "com.yoshikuni-web.CoordinatorSample";
				PRODUCT_NAME = "$(TARGET_NAME)";
				SWIFT_VERSION = 3.0;
			};
			name = Debug;
		};
		E30590A81E7D192D00304671 /* Release */ = {
			isa = XCBuildConfiguration;
			buildSettings = {
				ASSETCATALOG_COMPILER_APPICON_NAME = AppIcon;
				INFOPLIST_FILE = CoordinatorSample/Info.plist;
				LD_RUNPATH_SEARCH_PATHS = "$(inherited) @executable_path/Frameworks";
				PRODUCT_BUNDLE_IDENTIFIER = "com.yoshikuni-web.CoordinatorSample";
				PRODUCT_NAME = "$(TARGET_NAME)";
				SWIFT_VERSION = 3.0;
			};
			name = Release;
		};
		E30590AA1E7D192D00304671 /* Debug */ = {
			isa = XCBuildConfiguration;
			buildSettings = {
				ALWAYS_EMBED_SWIFT_STANDARD_LIBRARIES = YES;
				BUNDLE_LOADER = "$(TEST_HOST)";
				INFOPLIST_FILE = CoordinatorSampleTests/Info.plist;
				LD_RUNPATH_SEARCH_PATHS = "$(inherited) @executable_path/Frameworks @loader_path/Frameworks";
				PRODUCT_BUNDLE_IDENTIFIER = "com.yoshikuni-web.CoordinatorSampleTests";
				PRODUCT_NAME = "$(TARGET_NAME)";
				SWIFT_VERSION = 3.0;
				TEST_HOST = "$(BUILT_PRODUCTS_DIR)/CoordinatorSample.app/CoordinatorSample";
			};
			name = Debug;
		};
		E30590AB1E7D192D00304671 /* Release */ = {
			isa = XCBuildConfiguration;
			buildSettings = {
				ALWAYS_EMBED_SWIFT_STANDARD_LIBRARIES = YES;
				BUNDLE_LOADER = "$(TEST_HOST)";
				INFOPLIST_FILE = CoordinatorSampleTests/Info.plist;
				LD_RUNPATH_SEARCH_PATHS = "$(inherited) @executable_path/Frameworks @loader_path/Frameworks";
				PRODUCT_BUNDLE_IDENTIFIER = "com.yoshikuni-web.CoordinatorSampleTests";
				PRODUCT_NAME = "$(TARGET_NAME)";
				SWIFT_VERSION = 3.0;
				TEST_HOST = "$(BUILT_PRODUCTS_DIR)/CoordinatorSample.app/CoordinatorSample";
			};
			name = Release;
		};
		E30590AD1E7D192D00304671 /* Debug */ = {
			isa = XCBuildConfiguration;
			buildSettings = {
				ALWAYS_EMBED_SWIFT_STANDARD_LIBRARIES = YES;
				INFOPLIST_FILE = CoordinatorSampleUITests/Info.plist;
				LD_RUNPATH_SEARCH_PATHS = "$(inherited) @executable_path/Frameworks @loader_path/Frameworks";
				PRODUCT_BUNDLE_IDENTIFIER = "com.yoshikuni-web.CoordinatorSampleUITests";
				PRODUCT_NAME = "$(TARGET_NAME)";
				SWIFT_VERSION = 3.0;
				TEST_TARGET_NAME = CoordinatorSample;
			};
			name = Debug;
		};
		E30590AE1E7D192D00304671 /* Release */ = {
			isa = XCBuildConfiguration;
			buildSettings = {
				ALWAYS_EMBED_SWIFT_STANDARD_LIBRARIES = YES;
				INFOPLIST_FILE = CoordinatorSampleUITests/Info.plist;
				LD_RUNPATH_SEARCH_PATHS = "$(inherited) @executable_path/Frameworks @loader_path/Frameworks";
				PRODUCT_BUNDLE_IDENTIFIER = "com.yoshikuni-web.CoordinatorSampleUITests";
				PRODUCT_NAME = "$(TARGET_NAME)";
				SWIFT_VERSION = 3.0;
				TEST_TARGET_NAME = CoordinatorSample;
			};
			name = Release;
		};
/* End XCBuildConfiguration section */

/* Begin XCConfigurationList section */
		E30590791E7D192D00304671 /* Build configuration list for PBXProject "CoordinatorSample" */ = {
			isa = XCConfigurationList;
			buildConfigurations = (
				E30590A41E7D192D00304671 /* Debug */,
				E30590A51E7D192D00304671 /* Release */,
			);
			defaultConfigurationIsVisible = 0;
			defaultConfigurationName = Release;
		};
		E30590A61E7D192D00304671 /* Build configuration list for PBXNativeTarget "CoordinatorSample" */ = {
			isa = XCConfigurationList;
			buildConfigurations = (
				E30590A71E7D192D00304671 /* Debug */,
				E30590A81E7D192D00304671 /* Release */,
			);
			defaultConfigurationIsVisible = 0;
			defaultConfigurationName = Release;
		};
		E30590A91E7D192D00304671 /* Build configuration list for PBXNativeTarget "CoordinatorSampleTests" */ = {
			isa = XCConfigurationList;
			buildConfigurations = (
				E30590AA1E7D192D00304671 /* Debug */,
				E30590AB1E7D192D00304671 /* Release */,
			);
			defaultConfigurationIsVisible = 0;
			defaultConfigurationName = Release;
		};
		E30590AC1E7D192D00304671 /* Build configuration list for PBXNativeTarget "CoordinatorSampleUITests" */ = {
			isa = XCConfigurationList;
			buildConfigurations = (
				E30590AD1E7D192D00304671 /* Debug */,
				E30590AE1E7D192D00304671 /* Release */,
			);
			defaultConfigurationIsVisible = 0;
			defaultConfigurationName = Release;
		};
/* End XCConfigurationList section */
	};
	rootObject = E30590761E7D192D00304671 /* Project object */;
}
